
Microsoft Visual Studio Solution File, Format Version 12.00
# Visual Studio Version 17
VisualStudioVersion = 17.9.34701.34
MinimumVisualStudioVersion = 10.0.40219.1
Project("{9A19103F-16F7-4668-BE54-9A1E7A4F7556}") = "APIBlog", "APIBlog\APIBlog.csproj", "{37386353-E70A-4EBC-BCBD-3269F87920FA}"
EndProject
Project("{9A19103F-16F7-4668-BE54-9A1E7A4F7556}") = "BlogClienteWasm", "BlogClienteWasm\BlogClienteWasm.csproj", "{57741B76-BA86-4E0B-B365-B28EFC4A34C6}"
EndProject
Global
	GlobalSection(SolutionConfigurationPlatforms) = preSolution
		Debug|Any CPU = Debug|Any CPU
		Release|Any CPU = Release|Any CPU
	EndGlobalSection
	GlobalSection(ProjectConfigurationPlatforms) = postSolution
		{37386353-E70A-4EBC-BCBD-3269F87920FA}.Debug|Any CPU.ActiveCfg = Debug|Any CPU
		{37386353-E70A-4EBC-BCBD-3269F87920FA}.Debug|Any CPU.Build.0 = Debug|Any CPU
		{37386353-E70A-4EBC-BCBD-3269F87920FA}.Release|Any CPU.ActiveCfg = Release|Any CPU
		{37386353-E70A-4EBC-BCBD-3269F87920FA}.Release|Any CPU.Build.0 = Release|Any CPU
		{57741B76-BA86-4E0B-B365-B28EFC4A34C6}.Debug|Any CPU.ActiveCfg = Debug|Any CPU
		{57741B76-BA86-4E0B-B365-B28EFC4A34C6}.Debug|Any CPU.Build.0 = Debug|Any CPU
		{57741B76-BA86-4E0B-B365-B28EFC4A34C6}.Release|Any CPU.ActiveCfg = Release|Any CPU
		{57741B76-BA86-4E0B-B365-B28EFC4A34C6}.Release|Any CPU.Build.0 = Release|Any CPU
	EndGlobalSection
	GlobalSection(SolutionProperties) = preSolution
		HideSolutionNode = FALSE
	EndGlobalSection
	GlobalSection(ExtensibilityGlobals) = postSolution
		SolutionGuid = {054563BB-7FD2-45BA-BE09-4180534FAF4B}
	EndGlobalSection
EndGlobal
